
Microsoft Visual Studio Solution File, Format Version 12.00
# Visual Studio Version 17
VisualStudioVersion = 17.7.34202.233
MinimumVisualStudioVersion = 10.0.40219.1
Project("{9A19103F-16F7-4668-BE54-9A1E7A4F7556}") = "PHPOrganizer", "PHPOrganizer.csproj", "{50F0808F-29A8-4752-A40C-F6242489857E}"
EndProject
Project("{9A19103F-16F7-4668-BE54-9A1E7A4F7556}") = "Entidades", "..\Entidades\Entidades.csproj", "{1D6F25D3-9B6B-44A3-B55C-EBAF0CAB2858}"
EndProject
Project("{54435603-DBB4-11D2-8724-00A0C9A8B90C}") = "Setup", "..\Setup\Setup.vdproj", "{407E8826-ADD2-47D6-9B43-96B4201D5EF9}"
EndProject
Global
	GlobalSection(SolutionConfigurationPlatforms) = preSolution
		Debug|Any CPU = Debug|Any CPU
		Release|Any CPU = Release|Any CPU
	EndGlobalSection
	GlobalSection(ProjectConfigurationPlatforms) = postSolution
		{50F0808F-29A8-4752-A40C-F6242489857E}.Debug|Any CPU.ActiveCfg = Debug|Any CPU
		{50F0808F-29A8-4752-A40C-F6242489857E}.Debug|Any CPU.Build.0 = Debug|Any CPU
		{50F0808F-29A8-4752-A40C-F6242489857E}.Release|Any CPU.ActiveCfg = Release|Any CPU
		{50F0808F-29A8-4752-A40C-F6242489857E}.Release|Any CPU.Build.0 = Release|Any CPU
		{1D6F25D3-9B6B-44A3-B55C-EBAF0CAB2858}.Debug|Any CPU.ActiveCfg = Debug|Any CPU
		{1D6F25D3-9B6B-44A3-B55C-EBAF0CAB2858}.Debug|Any CPU.Build.0 = Debug|Any CPU
		{1D6F25D3-9B6B-44A3-B55C-EBAF0CAB2858}.Release|Any CPU.ActiveCfg = Release|Any CPU
		{1D6F25D3-9B6B-44A3-B55C-EBAF0CAB2858}.Release|Any CPU.Build.0 = Release|Any CPU
		{407E8826-ADD2-47D6-9B43-96B4201D5EF9}.Debug|Any CPU.ActiveCfg = Debug
		{407E8826-ADD2-47D6-9B43-96B4201D5EF9}.Release|Any CPU.ActiveCfg = Release
	EndGlobalSection
	GlobalSection(SolutionProperties) = preSolution
		HideSolutionNode = FALSE
	EndGlobalSection
	GlobalSection(ExtensibilityGlobals) = postSolution
		SolutionGuid = {4824CA77-F2B5-4F4D-9C57-C559D4FCF2EF}
	EndGlobalSection
EndGlobal
